// !$*UTF8*$!
{
	archiveVersion = 1;
	classes = {
	};
	objectVersion = 55;
	objects = {

/* Begin PBXBuildFile section */
		3E354D34DEA6834CE378BC61 /* Pods_DoGitTests.framework in Frameworks */ = {isa = PBXBuildFile; fileRef = 88234AC7A5A3D442985C1208 /* Pods_DoGitTests.framework */; };
		4A16541246350F7E2CA0DB09 /* Pods_DoGit_DoGitUITests.framework in Frameworks */ = {isa = PBXBuildFile; fileRef = 9C63A0AD8017F7DD82AE676C /* Pods_DoGit_DoGitUITests.framework */; };
		AC68422D55937FDA7DDDA8BC /* Pods_DoGit.framework in Frameworks */ = {isa = PBXBuildFile; fileRef = 11783B7403D9D41963DC47E4 /* Pods_DoGit.framework */; };
		D80BD83D28018C3600DD6780 /* UserDataManagerTests.swift in Sources */ = {isa = PBXBuildFile; fileRef = D80BD83C28018C3600DD6780 /* UserDataManagerTests.swift */; };
		D80BD8452801B22400DD6780 /* MainTodoViewController+UI.swift in Sources */ = {isa = PBXBuildFile; fileRef = D80BD8442801B22400DD6780 /* MainTodoViewController+UI.swift */; };
		D80BD8472801B61500DD6780 /* MainTodoViewController+DataSource.swift in Sources */ = {isa = PBXBuildFile; fileRef = D80BD8462801B61500DD6780 /* MainTodoViewController+DataSource.swift */; };
		D80D3583280A7434003062B5 /* GithubRepositoryData.swift in Sources */ = {isa = PBXBuildFile; fileRef = D80D3582280A7434003062B5 /* GithubRepositoryData.swift */; };
		D80D358A280AA120003062B5 /* AddRepositoryViewController.swift in Sources */ = {isa = PBXBuildFile; fileRef = D80D3589280AA120003062B5 /* AddRepositoryViewController.swift */; };
		D80D358C280AA483003062B5 /* AddRepositoryViewController+UI.swift in Sources */ = {isa = PBXBuildFile; fileRef = D80D358B280AA483003062B5 /* AddRepositoryViewController+UI.swift */; };
		D80D358E280AA935003062B5 /* AddRepositoryViewController+DataSource.swift in Sources */ = {isa = PBXBuildFile; fileRef = D80D358D280AA935003062B5 /* AddRepositoryViewController+DataSource.swift */; };
		D80D3590280AD3D9003062B5 /* AddRepositoryViewController+Actions.swift in Sources */ = {isa = PBXBuildFile; fileRef = D80D358F280AD3D9003062B5 /* AddRepositoryViewController+Actions.swift */; };
		D80D3592280AE0F9003062B5 /* RepositoryCheckButton.swift in Sources */ = {isa = PBXBuildFile; fileRef = D80D3591280AE0F9003062B5 /* RepositoryCheckButton.swift */; };
		D82DC69928085C6800C5ABCB /* TodoHeader.swift in Sources */ = {isa = PBXBuildFile; fileRef = D82DC69828085C6800C5ABCB /* TodoHeader.swift */; };
		D84F2A1D28113AFA0061950E /* BottomSheetViewController+UI.swift in Sources */ = {isa = PBXBuildFile; fileRef = D84F2A1C28113AFA0061950E /* BottomSheetViewController+UI.swift */; };
		D84F2A1F28113B090061950E /* WriteTodoViewController+UI.swift in Sources */ = {isa = PBXBuildFile; fileRef = D84F2A1E28113B090061950E /* WriteTodoViewController+UI.swift */; };
		D84F2A2128113B190061950E /* WriteTodoViewController+Actions.swift in Sources */ = {isa = PBXBuildFile; fileRef = D84F2A2028113B190061950E /* WriteTodoViewController+Actions.swift */; };
		D84F2A2328113BEE0061950E /* BottomSheetViewController+Actions.swift in Sources */ = {isa = PBXBuildFile; fileRef = D84F2A2228113BEE0061950E /* BottomSheetViewController+Actions.swift */; };
		D84F2A252812839D0061950E /* GithubRepository.swift in Sources */ = {isa = PBXBuildFile; fileRef = D84F2A242812839D0061950E /* GithubRepository.swift */; };
		D84F2A272812B3540061950E /* AddRepositoryViewController+Realm.swift in Sources */ = {isa = PBXBuildFile; fileRef = D84F2A262812B3540061950E /* AddRepositoryViewController+Realm.swift */; };
		D8792AB728094E0100D35EF2 /* TodoDoneButton.swift in Sources */ = {isa = PBXBuildFile; fileRef = D8792AB628094E0100D35EF2 /* TodoDoneButton.swift */; };
		D8792AB928094E6500D35EF2 /* MainTodoViewController+Actions.swift in Sources */ = {isa = PBXBuildFile; fileRef = D8792AB828094E6500D35EF2 /* MainTodoViewController+Actions.swift */; };
		D8792ABB28095A8D00D35EF2 /* TodoRepositoryStore.swift in Sources */ = {isa = PBXBuildFile; fileRef = D8792ABA28095A8D00D35EF2 /* TodoRepositoryStore.swift */; };
		D87F98C728097E89008BCE25 /* GithubDataManager.swift in Sources */ = {isa = PBXBuildFile; fileRef = D87F98C628097E89008BCE25 /* GithubDataManager.swift */; };
		D8971BF028001D0900568ED0 /* DoGitError.swift in Sources */ = {isa = PBXBuildFile; fileRef = D8971BEF28001D0900568ED0 /* DoGitError.swift */; };
		D8971BF22800266A00568ED0 /* SetNameViewController+Actions.swift in Sources */ = {isa = PBXBuildFile; fileRef = D8971BF12800266A00568ED0 /* SetNameViewController+Actions.swift */; };
		D8971BF5280044D000568ED0 /* GithubUserData.swift in Sources */ = {isa = PBXBuildFile; fileRef = D8971BF4280044D000568ED0 /* GithubUserData.swift */; };
		D89A1C6D27FC8EED0041FA58 /* UIColor+DoGit.swift in Sources */ = {isa = PBXBuildFile; fileRef = D89A1C6C27FC8EED0041FA58 /* UIColor+DoGit.swift */; };
		D89A1C6F27FC92A10041FA58 /* Repository.swift in Sources */ = {isa = PBXBuildFile; fileRef = D89A1C6E27FC92A10041FA58 /* Repository.swift */; };
		D89A1C7327FC96B50041FA58 /* Todo.swift in Sources */ = {isa = PBXBuildFile; fileRef = D89A1C7227FC96B50041FA58 /* Todo.swift */; };
		D89A1C7527FC97320041FA58 /* User.swift in Sources */ = {isa = PBXBuildFile; fileRef = D89A1C7427FC97320041FA58 /* User.swift */; };
		D8AFFC6127FC882E000E6F9F /* AppDelegate.swift in Sources */ = {isa = PBXBuildFile; fileRef = D8AFFC6027FC882E000E6F9F /* AppDelegate.swift */; };
		D8AFFC6327FC882E000E6F9F /* SceneDelegate.swift in Sources */ = {isa = PBXBuildFile; fileRef = D8AFFC6227FC882E000E6F9F /* SceneDelegate.swift */; };
		D8AFFC6527FC882E000E6F9F /* MainTodoViewController.swift in Sources */ = {isa = PBXBuildFile; fileRef = D8AFFC6427FC882E000E6F9F /* MainTodoViewController.swift */; };
		D8AFFC6A27FC882F000E6F9F /* Assets.xcassets in Resources */ = {isa = PBXBuildFile; fileRef = D8AFFC6927FC882F000E6F9F /* Assets.xcassets */; };
		D8AFFC6D27FC882F000E6F9F /* LaunchScreen.storyboard in Resources */ = {isa = PBXBuildFile; fileRef = D8AFFC6B27FC882F000E6F9F /* LaunchScreen.storyboard */; };
		D8AFFC7827FC882F000E6F9F /* DoGitTests.swift in Sources */ = {isa = PBXBuildFile; fileRef = D8AFFC7727FC882F000E6F9F /* DoGitTests.swift */; };
		D8AFFC8227FC882F000E6F9F /* DoGitUITests.swift in Sources */ = {isa = PBXBuildFile; fileRef = D8AFFC8127FC882F000E6F9F /* DoGitUITests.swift */; };
		D8AFFC8427FC882F000E6F9F /* DoGitUITestsLaunchTests.swift in Sources */ = {isa = PBXBuildFile; fileRef = D8AFFC8327FC882F000E6F9F /* DoGitUITestsLaunchTests.swift */; };
		D8B64BEB28044699009A70BA /* NEXON Lv1 Gothic Low OTF.otf in Resources */ = {isa = PBXBuildFile; fileRef = D8B64BE828044699009A70BA /* NEXON Lv1 Gothic Low OTF.otf */; };
		D8B64BEC28044699009A70BA /* NEXON Lv1 Gothic Low OTF Bold.otf in Resources */ = {isa = PBXBuildFile; fileRef = D8B64BE928044699009A70BA /* NEXON Lv1 Gothic Low OTF Bold.otf */; };
		D8B64BED28044699009A70BA /* NEXON Lv1 Gothic Low OTF Light.otf in Resources */ = {isa = PBXBuildFile; fileRef = D8B64BEA28044699009A70BA /* NEXON Lv1 Gothic Low OTF Light.otf */; };
		D8B64BEF280447BB009A70BA /* UIFont+Font.swift in Sources */ = {isa = PBXBuildFile; fileRef = D8B64BEE280447BB009A70BA /* UIFont+Font.swift */; };
		D8B64BF228044DD0009A70BA /* UIButton+SetImage.swift in Sources */ = {isa = PBXBuildFile; fileRef = D8B64BF128044DD0009A70BA /* UIButton+SetImage.swift */; };
		D8D5C6F727FECC52003372BC /* SetNameViewController.swift in Sources */ = {isa = PBXBuildFile; fileRef = D8D5C6F627FECC52003372BC /* SetNameViewController.swift */; };
		D8D5C6F927FEF7CA003372BC /* UITextField+UnderLine.swift in Sources */ = {isa = PBXBuildFile; fileRef = D8D5C6F827FEF7CA003372BC /* UITextField+UnderLine.swift */; };
		D8D5C6FB27FF0268003372BC /* SetNameViewController+UI.swift in Sources */ = {isa = PBXBuildFile; fileRef = D8D5C6FA27FF0268003372BC /* SetNameViewController+UI.swift */; };
		D8D894F92806C6C50045F68E /* SetNameViewControllerUITests.swift in Sources */ = {isa = PBXBuildFile; fileRef = D8D894F82806C6C50045F68E /* SetNameViewControllerUITests.swift */; };
		D8E5FE1D27FC8A2700F0EDA5 /* .gitignore in Resources */ = {isa = PBXBuildFile; fileRef = D8E5FE1C27FC8A2700F0EDA5 /* .gitignore */; };
		D8E6E90A280ECCAB0058AD15 /* BottomSheetViewController.swift in Sources */ = {isa = PBXBuildFile; fileRef = D8E6E909280ECCAB0058AD15 /* BottomSheetViewController.swift */; };
		D8E6E90C280EF6770058AD15 /* WriteTodoViewController.swift in Sources */ = {isa = PBXBuildFile; fileRef = D8E6E90B280EF6770058AD15 /* WriteTodoViewController.swift */; };
/* End PBXBuildFile section */

/* Begin PBXContainerItemProxy section */
		D8AFFC7427FC882F000E6F9F /* PBXContainerItemProxy */ = {
			isa = PBXContainerItemProxy;
			containerPortal = D8AFFC5527FC882E000E6F9F /* Project object */;
			proxyType = 1;
			remoteGlobalIDString = D8AFFC5C27FC882E000E6F9F;
			remoteInfo = DoGit;
		};
		D8AFFC7E27FC882F000E6F9F /* PBXContainerItemProxy */ = {
			isa = PBXContainerItemProxy;
			containerPortal = D8AFFC5527FC882E000E6F9F /* Project object */;
			proxyType = 1;
			remoteGlobalIDString = D8AFFC5C27FC882E000E6F9F;
			remoteInfo = DoGit;
		};
/* End PBXContainerItemProxy section */

/* Begin PBXFileReference section */
		11783B7403D9D41963DC47E4 /* Pods_DoGit.framework */ = {isa = PBXFileReference; explicitFileType = wrapper.framework; includeInIndex = 0; path = Pods_DoGit.framework; sourceTree = BUILT_PRODUCTS_DIR; };
		17F54AD33ACA164CA1B295A7 /* Pods-DoGit-DoGitUITests.debug.xcconfig */ = {isa = PBXFileReference; includeInIndex = 1; lastKnownFileType = text.xcconfig; name = "Pods-DoGit-DoGitUITests.debug.xcconfig"; path = "Target Support Files/Pods-DoGit-DoGitUITests/Pods-DoGit-DoGitUITests.debug.xcconfig"; sourceTree = "<group>"; };
		88234AC7A5A3D442985C1208 /* Pods_DoGitTests.framework */ = {isa = PBXFileReference; explicitFileType = wrapper.framework; includeInIndex = 0; path = Pods_DoGitTests.framework; sourceTree = BUILT_PRODUCTS_DIR; };
		9C63A0AD8017F7DD82AE676C /* Pods_DoGit_DoGitUITests.framework */ = {isa = PBXFileReference; explicitFileType = wrapper.framework; includeInIndex = 0; path = Pods_DoGit_DoGitUITests.framework; sourceTree = BUILT_PRODUCTS_DIR; };
		B964C28EFBC0E14FB8C023E4 /* Pods-DoGitTests.release.xcconfig */ = {isa = PBXFileReference; includeInIndex = 1; lastKnownFileType = text.xcconfig; name = "Pods-DoGitTests.release.xcconfig"; path = "Target Support Files/Pods-DoGitTests/Pods-DoGitTests.release.xcconfig"; sourceTree = "<group>"; };
		C8D62AB8D874795468A7FFD8 /* Pods-DoGit.debug.xcconfig */ = {isa = PBXFileReference; includeInIndex = 1; lastKnownFileType = text.xcconfig; name = "Pods-DoGit.debug.xcconfig"; path = "Target Support Files/Pods-DoGit/Pods-DoGit.debug.xcconfig"; sourceTree = "<group>"; };
		CA64F7C78AF0CB174E5DD30C /* Pods-DoGit.release.xcconfig */ = {isa = PBXFileReference; includeInIndex = 1; lastKnownFileType = text.xcconfig; name = "Pods-DoGit.release.xcconfig"; path = "Target Support Files/Pods-DoGit/Pods-DoGit.release.xcconfig"; sourceTree = "<group>"; };
		D80BD83C28018C3600DD6780 /* UserDataManagerTests.swift */ = {isa = PBXFileReference; lastKnownFileType = sourcecode.swift; path = UserDataManagerTests.swift; sourceTree = "<group>"; };
		D80BD8442801B22400DD6780 /* MainTodoViewController+UI.swift */ = {isa = PBXFileReference; lastKnownFileType = sourcecode.swift; path = "MainTodoViewController+UI.swift"; sourceTree = "<group>"; };
		D80BD8462801B61500DD6780 /* MainTodoViewController+DataSource.swift */ = {isa = PBXFileReference; lastKnownFileType = sourcecode.swift; path = "MainTodoViewController+DataSource.swift"; sourceTree = "<group>"; };
		D80D3582280A7434003062B5 /* GithubRepositoryData.swift */ = {isa = PBXFileReference; lastKnownFileType = sourcecode.swift; path = GithubRepositoryData.swift; sourceTree = "<group>"; };
		D80D3589280AA120003062B5 /* AddRepositoryViewController.swift */ = {isa = PBXFileReference; lastKnownFileType = sourcecode.swift; path = AddRepositoryViewController.swift; sourceTree = "<group>"; };
		D80D358B280AA483003062B5 /* AddRepositoryViewController+UI.swift */ = {isa = PBXFileReference; lastKnownFileType = sourcecode.swift; path = "AddRepositoryViewController+UI.swift"; sourceTree = "<group>"; };
		D80D358D280AA935003062B5 /* AddRepositoryViewController+DataSource.swift */ = {isa = PBXFileReference; lastKnownFileType = sourcecode.swift; path = "AddRepositoryViewController+DataSource.swift"; sourceTree = "<group>"; };
		D80D358F280AD3D9003062B5 /* AddRepositoryViewController+Actions.swift */ = {isa = PBXFileReference; lastKnownFileType = sourcecode.swift; path = "AddRepositoryViewController+Actions.swift"; sourceTree = "<group>"; };
		D80D3591280AE0F9003062B5 /* RepositoryCheckButton.swift */ = {isa = PBXFileReference; lastKnownFileType = sourcecode.swift; path = RepositoryCheckButton.swift; sourceTree = "<group>"; };
		D82DC69828085C6800C5ABCB /* TodoHeader.swift */ = {isa = PBXFileReference; lastKnownFileType = sourcecode.swift; path = TodoHeader.swift; sourceTree = "<group>"; };
		D84F2A1C28113AFA0061950E /* BottomSheetViewController+UI.swift */ = {isa = PBXFileReference; lastKnownFileType = sourcecode.swift; path = "BottomSheetViewController+UI.swift"; sourceTree = "<group>"; };
		D84F2A1E28113B090061950E /* WriteTodoViewController+UI.swift */ = {isa = PBXFileReference; lastKnownFileType = sourcecode.swift; path = "WriteTodoViewController+UI.swift"; sourceTree = "<group>"; };
		D84F2A2028113B190061950E /* WriteTodoViewController+Actions.swift */ = {isa = PBXFileReference; lastKnownFileType = sourcecode.swift; path = "WriteTodoViewController+Actions.swift"; sourceTree = "<group>"; };
		D84F2A2228113BEE0061950E /* BottomSheetViewController+Actions.swift */ = {isa = PBXFileReference; lastKnownFileType = sourcecode.swift; path = "BottomSheetViewController+Actions.swift"; sourceTree = "<group>"; };
		D84F2A242812839D0061950E /* GithubRepository.swift */ = {isa = PBXFileReference; lastKnownFileType = sourcecode.swift; path = GithubRepository.swift; sourceTree = "<group>"; };
		D84F2A262812B3540061950E /* AddRepositoryViewController+Realm.swift */ = {isa = PBXFileReference; lastKnownFileType = sourcecode.swift; path = "AddRepositoryViewController+Realm.swift"; sourceTree = "<group>"; };
		D8792AB628094E0100D35EF2 /* TodoDoneButton.swift */ = {isa = PBXFileReference; lastKnownFileType = sourcecode.swift; path = TodoDoneButton.swift; sourceTree = "<group>"; };
		D8792AB828094E6500D35EF2 /* MainTodoViewController+Actions.swift */ = {isa = PBXFileReference; lastKnownFileType = sourcecode.swift; path = "MainTodoViewController+Actions.swift"; sourceTree = "<group>"; };
		D8792ABA28095A8D00D35EF2 /* TodoRepositoryStore.swift */ = {isa = PBXFileReference; lastKnownFileType = sourcecode.swift; path = TodoRepositoryStore.swift; sourceTree = "<group>"; };
		D87F98C628097E89008BCE25 /* GithubDataManager.swift */ = {isa = PBXFileReference; lastKnownFileType = sourcecode.swift; path = GithubDataManager.swift; sourceTree = "<group>"; };
		D8971BEF28001D0900568ED0 /* DoGitError.swift */ = {isa = PBXFileReference; lastKnownFileType = sourcecode.swift; path = DoGitError.swift; sourceTree = "<group>"; };
		D8971BF12800266A00568ED0 /* SetNameViewController+Actions.swift */ = {isa = PBXFileReference; lastKnownFileType = sourcecode.swift; path = "SetNameViewController+Actions.swift"; sourceTree = "<group>"; };
		D8971BF4280044D000568ED0 /* GithubUserData.swift */ = {isa = PBXFileReference; lastKnownFileType = sourcecode.swift; path = GithubUserData.swift; sourceTree = "<group>"; };
		D89A1C6C27FC8EED0041FA58 /* UIColor+DoGit.swift */ = {isa = PBXFileReference; lastKnownFileType = sourcecode.swift; path = "UIColor+DoGit.swift"; sourceTree = "<group>"; };
		D89A1C6E27FC92A10041FA58 /* Repository.swift */ = {isa = PBXFileReference; lastKnownFileType = sourcecode.swift; path = Repository.swift; sourceTree = "<group>"; };
		D89A1C7227FC96B50041FA58 /* Todo.swift */ = {isa = PBXFileReference; lastKnownFileType = sourcecode.swift; path = Todo.swift; sourceTree = "<group>"; };
		D89A1C7427FC97320041FA58 /* User.swift */ = {isa = PBXFileReference; lastKnownFileType = sourcecode.swift; path = User.swift; sourceTree = "<group>"; };
		D8AFFC5D27FC882E000E6F9F /* DoGit.app */ = {isa = PBXFileReference; explicitFileType = wrapper.application; includeInIndex = 0; path = DoGit.app; sourceTree = BUILT_PRODUCTS_DIR; };
		D8AFFC6027FC882E000E6F9F /* AppDelegate.swift */ = {isa = PBXFileReference; lastKnownFileType = sourcecode.swift; path = AppDelegate.swift; sourceTree = "<group>"; };
		D8AFFC6227FC882E000E6F9F /* SceneDelegate.swift */ = {isa = PBXFileReference; lastKnownFileType = sourcecode.swift; path = SceneDelegate.swift; sourceTree = "<group>"; };
		D8AFFC6427FC882E000E6F9F /* MainTodoViewController.swift */ = {isa = PBXFileReference; lastKnownFileType = sourcecode.swift; path = MainTodoViewController.swift; sourceTree = "<group>"; };
		D8AFFC6927FC882F000E6F9F /* Assets.xcassets */ = {isa = PBXFileReference; lastKnownFileType = folder.assetcatalog; path = Assets.xcassets; sourceTree = "<group>"; };
		D8AFFC6C27FC882F000E6F9F /* Base */ = {isa = PBXFileReference; lastKnownFileType = file.storyboard; name = Base; path = Base.lproj/LaunchScreen.storyboard; sourceTree = "<group>"; };
		D8AFFC6E27FC882F000E6F9F /* Info.plist */ = {isa = PBXFileReference; lastKnownFileType = text.plist.xml; path = Info.plist; sourceTree = "<group>"; };
		D8AFFC7327FC882F000E6F9F /* DoGitTests.xctest */ = {isa = PBXFileReference; explicitFileType = wrapper.cfbundle; includeInIndex = 0; path = DoGitTests.xctest; sourceTree = BUILT_PRODUCTS_DIR; };
		D8AFFC7727FC882F000E6F9F /* DoGitTests.swift */ = {isa = PBXFileReference; lastKnownFileType = sourcecode.swift; path = DoGitTests.swift; sourceTree = "<group>"; };
		D8AFFC7D27FC882F000E6F9F /* DoGitUITests.xctest */ = {isa = PBXFileReference; explicitFileType = wrapper.cfbundle; includeInIndex = 0; path = DoGitUITests.xctest; sourceTree = BUILT_PRODUCTS_DIR; };
		D8AFFC8127FC882F000E6F9F /* DoGitUITests.swift */ = {isa = PBXFileReference; lastKnownFileType = sourcecode.swift; path = DoGitUITests.swift; sourceTree = "<group>"; };
		D8AFFC8327FC882F000E6F9F /* DoGitUITestsLaunchTests.swift */ = {isa = PBXFileReference; lastKnownFileType = sourcecode.swift; path = DoGitUITestsLaunchTests.swift; sourceTree = "<group>"; };
		D8B64BE828044699009A70BA /* NEXON Lv1 Gothic Low OTF.otf */ = {isa = PBXFileReference; lastKnownFileType = file; path = "NEXON Lv1 Gothic Low OTF.otf"; sourceTree = "<group>"; };
		D8B64BE928044699009A70BA /* NEXON Lv1 Gothic Low OTF Bold.otf */ = {isa = PBXFileReference; lastKnownFileType = file; path = "NEXON Lv1 Gothic Low OTF Bold.otf"; sourceTree = "<group>"; };
		D8B64BEA28044699009A70BA /* NEXON Lv1 Gothic Low OTF Light.otf */ = {isa = PBXFileReference; lastKnownFileType = file; path = "NEXON Lv1 Gothic Low OTF Light.otf"; sourceTree = "<group>"; };
		D8B64BEE280447BB009A70BA /* UIFont+Font.swift */ = {isa = PBXFileReference; lastKnownFileType = sourcecode.swift; path = "UIFont+Font.swift"; sourceTree = "<group>"; };
		D8B64BF128044DD0009A70BA /* UIButton+SetImage.swift */ = {isa = PBXFileReference; lastKnownFileType = sourcecode.swift; path = "UIButton+SetImage.swift"; sourceTree = "<group>"; };
		D8D5C6F627FECC52003372BC /* SetNameViewController.swift */ = {isa = PBXFileReference; lastKnownFileType = sourcecode.swift; path = SetNameViewController.swift; sourceTree = "<group>"; };
		D8D5C6F827FEF7CA003372BC /* UITextField+UnderLine.swift */ = {isa = PBXFileReference; lastKnownFileType = sourcecode.swift; path = "UITextField+UnderLine.swift"; sourceTree = "<group>"; };
		D8D5C6FA27FF0268003372BC /* SetNameViewController+UI.swift */ = {isa = PBXFileReference; lastKnownFileType = sourcecode.swift; path = "SetNameViewController+UI.swift"; sourceTree = "<group>"; };
		D8D894F82806C6C50045F68E /* SetNameViewControllerUITests.swift */ = {isa = PBXFileReference; lastKnownFileType = sourcecode.swift; path = SetNameViewControllerUITests.swift; sourceTree = "<group>"; };
		D8E5FE1C27FC8A2700F0EDA5 /* .gitignore */ = {isa = PBXFileReference; lastKnownFileType = text; path = .gitignore; sourceTree = "<group>"; };
		D8E6E909280ECCAB0058AD15 /* BottomSheetViewController.swift */ = {isa = PBXFileReference; lastKnownFileType = sourcecode.swift; path = BottomSheetViewController.swift; sourceTree = "<group>"; };
		D8E6E90B280EF6770058AD15 /* WriteTodoViewController.swift */ = {isa = PBXFileReference; lastKnownFileType = sourcecode.swift; path = WriteTodoViewController.swift; sourceTree = "<group>"; };
		F6FD0F0E79104D69A8E3F563 /* Pods-DoGitTests.debug.xcconfig */ = {isa = PBXFileReference; includeInIndex = 1; lastKnownFileType = text.xcconfig; name = "Pods-DoGitTests.debug.xcconfig"; path = "Target Support Files/Pods-DoGitTests/Pods-DoGitTests.debug.xcconfig"; sourceTree = "<group>"; };
		F7CA2D7E2A6D65A0C694812A /* Pods-DoGit-DoGitUITests.release.xcconfig */ = {isa = PBXFileReference; includeInIndex = 1; lastKnownFileType = text.xcconfig; name = "Pods-DoGit-DoGitUITests.release.xcconfig"; path = "Target Support Files/Pods-DoGit-DoGitUITests/Pods-DoGit-DoGitUITests.release.xcconfig"; sourceTree = "<group>"; };
/* End PBXFileReference section */

/* Begin PBXFrameworksBuildPhase section */
		D8AFFC5A27FC882E000E6F9F /* Frameworks */ = {
			isa = PBXFrameworksBuildPhase;
			buildActionMask = 2147483647;
			files = (
				AC68422D55937FDA7DDDA8BC /* Pods_DoGit.framework in Frameworks */,
			);
			runOnlyForDeploymentPostprocessing = 0;
		};
		D8AFFC7027FC882F000E6F9F /* Frameworks */ = {
			isa = PBXFrameworksBuildPhase;
			buildActionMask = 2147483647;
			files = (
				3E354D34DEA6834CE378BC61 /* Pods_DoGitTests.framework in Frameworks */,
			);
			runOnlyForDeploymentPostprocessing = 0;
		};
		D8AFFC7A27FC882F000E6F9F /* Frameworks */ = {
			isa = PBXFrameworksBuildPhase;
			buildActionMask = 2147483647;
			files = (
				4A16541246350F7E2CA0DB09 /* Pods_DoGit_DoGitUITests.framework in Frameworks */,
			);
			runOnlyForDeploymentPostprocessing = 0;
		};
/* End PBXFrameworksBuildPhase section */

/* Begin PBXGroup section */
		1235362976857EB9F264274E /* Pods */ = {
			isa = PBXGroup;
			children = (
				C8D62AB8D874795468A7FFD8 /* Pods-DoGit.debug.xcconfig */,
				CA64F7C78AF0CB174E5DD30C /* Pods-DoGit.release.xcconfig */,
				17F54AD33ACA164CA1B295A7 /* Pods-DoGit-DoGitUITests.debug.xcconfig */,
				F7CA2D7E2A6D65A0C694812A /* Pods-DoGit-DoGitUITests.release.xcconfig */,
				F6FD0F0E79104D69A8E3F563 /* Pods-DoGitTests.debug.xcconfig */,
				B964C28EFBC0E14FB8C023E4 /* Pods-DoGitTests.release.xcconfig */,
			);
			path = Pods;
			sourceTree = "<group>";
		};
		D80BD8432801B18A00DD6780 /* MainTodoViewController */ = {
			isa = PBXGroup;
			children = (
				D8AFFC6427FC882E000E6F9F /* MainTodoViewController.swift */,
				D80BD8442801B22400DD6780 /* MainTodoViewController+UI.swift */,
				D80BD8462801B61500DD6780 /* MainTodoViewController+DataSource.swift */,
				D8792AB828094E6500D35EF2 /* MainTodoViewController+Actions.swift */,
				D82DC69828085C6800C5ABCB /* TodoHeader.swift */,
			);
			path = MainTodoViewController;
			sourceTree = "<group>";
		};
		D80D3588280A970D003062B5 /* AddRepositoryViewController */ = {
			isa = PBXGroup;
			children = (
				D80D3589280AA120003062B5 /* AddRepositoryViewController.swift */,
				D80D358B280AA483003062B5 /* AddRepositoryViewController+UI.swift */,
				D80D358D280AA935003062B5 /* AddRepositoryViewController+DataSource.swift */,
				D80D358F280AD3D9003062B5 /* AddRepositoryViewController+Actions.swift */,
				D84F2A262812B3540061950E /* AddRepositoryViewController+Realm.swift */,
			);
			path = AddRepositoryViewController;
			sourceTree = "<group>";
		};
		D8971BF32800441000568ED0 /* Data */ = {
			isa = PBXGroup;
			children = (
				D8971BF4280044D000568ED0 /* GithubUserData.swift */,
				D87F98C628097E89008BCE25 /* GithubDataManager.swift */,
				D80D3582280A7434003062B5 /* GithubRepositoryData.swift */,
			);
			path = Data;
			sourceTree = "<group>";
		};
		D89A1C6927FC8D890041FA58 /* Model */ = {
			isa = PBXGroup;
			children = (
				D8B64BF028044DB7009A70BA /* Custom */,
				D8971BF32800441000568ED0 /* Data */,
				D8971BEF28001D0900568ED0 /* DoGitError.swift */,
				D89A1C6E27FC92A10041FA58 /* Repository.swift */,
				D89A1C7227FC96B50041FA58 /* Todo.swift */,
				D89A1C7427FC97320041FA58 /* User.swift */,
				D8792AB628094E0100D35EF2 /* TodoDoneButton.swift */,
				D8792ABA28095A8D00D35EF2 /* TodoRepositoryStore.swift */,
				D80D3591280AE0F9003062B5 /* RepositoryCheckButton.swift */,
				D84F2A242812839D0061950E /* GithubRepository.swift */,
			);
			path = Model;
			sourceTree = "<group>";
		};
		D89A1C6A27FC8D990041FA58 /* View */ = {
			isa = PBXGroup;
			children = (
				D8AFFC6B27FC882F000E6F9F /* LaunchScreen.storyboard */,
			);
			path = View;
			sourceTree = "<group>";
		};
		D89A1C6B27FC8DB70041FA58 /* SetNameViewController */ = {
			isa = PBXGroup;
			children = (
				D8D5C6F627FECC52003372BC /* SetNameViewController.swift */,
				D8D5C6FA27FF0268003372BC /* SetNameViewController+UI.swift */,
				D8971BF12800266A00568ED0 /* SetNameViewController+Actions.swift */,
			);
			path = SetNameViewController;
			sourceTree = "<group>";
		};
		D8AFFC5427FC882E000E6F9F = {
			isa = PBXGroup;
			children = (
				D8E5FE1C27FC8A2700F0EDA5 /* .gitignore */,
				D8AFFC5F27FC882E000E6F9F /* DoGit */,
				D8AFFC7627FC882F000E6F9F /* DoGitTests */,
				D8AFFC8027FC882F000E6F9F /* DoGitUITests */,
				D8AFFC5E27FC882E000E6F9F /* Products */,
				1235362976857EB9F264274E /* Pods */,
				DF17AC7304DB09393DBDAD87 /* Frameworks */,
			);
			sourceTree = "<group>";
		};
		D8AFFC5E27FC882E000E6F9F /* Products */ = {
			isa = PBXGroup;
			children = (
				D8AFFC5D27FC882E000E6F9F /* DoGit.app */,
				D8AFFC7327FC882F000E6F9F /* DoGitTests.xctest */,
				D8AFFC7D27FC882F000E6F9F /* DoGitUITests.xctest */,
			);
			name = Products;
			sourceTree = "<group>";
		};
		D8AFFC5F27FC882E000E6F9F /* DoGit */ = {
			isa = PBXGroup;
			children = (
				D89A1C6927FC8D890041FA58 /* Model */,
				D8E6E908280ECC960058AD15 /* BottomSheetViewController */,
				D8B64BDF2804449B009A70BA /* Font */,
				D80BD8432801B18A00DD6780 /* MainTodoViewController */,
				D89A1C6B27FC8DB70041FA58 /* SetNameViewController */,
				D80D3588280A970D003062B5 /* AddRepositoryViewController */,
				D89A1C6A27FC8D990041FA58 /* View */,
				D8AFFC6027FC882E000E6F9F /* AppDelegate.swift */,
				D8AFFC6227FC882E000E6F9F /* SceneDelegate.swift */,
				D8AFFC6927FC882F000E6F9F /* Assets.xcassets */,
				D8AFFC6E27FC882F000E6F9F /* Info.plist */,
			);
			path = DoGit;
			sourceTree = "<group>";
		};
		D8AFFC7627FC882F000E6F9F /* DoGitTests */ = {
			isa = PBXGroup;
			children = (
				D8AFFC7727FC882F000E6F9F /* DoGitTests.swift */,
				D80BD83C28018C3600DD6780 /* UserDataManagerTests.swift */,
			);
			path = DoGitTests;
			sourceTree = "<group>";
		};
		D8AFFC8027FC882F000E6F9F /* DoGitUITests */ = {
			isa = PBXGroup;
			children = (
				D8AFFC8127FC882F000E6F9F /* DoGitUITests.swift */,
				D8AFFC8327FC882F000E6F9F /* DoGitUITestsLaunchTests.swift */,
				D8D894F82806C6C50045F68E /* SetNameViewControllerUITests.swift */,
			);
			path = DoGitUITests;
			sourceTree = "<group>";
		};
		D8B64BDF2804449B009A70BA /* Font */ = {
			isa = PBXGroup;
			children = (
				D8B64BE928044699009A70BA /* NEXON Lv1 Gothic Low OTF Bold.otf */,
				D8B64BEA28044699009A70BA /* NEXON Lv1 Gothic Low OTF Light.otf */,
				D8B64BE828044699009A70BA /* NEXON Lv1 Gothic Low OTF.otf */,
			);
			path = Font;
			sourceTree = "<group>";
		};
		D8B64BF028044DB7009A70BA /* Custom */ = {
			isa = PBXGroup;
			children = (
				D8B64BF128044DD0009A70BA /* UIButton+SetImage.swift */,
				D8B64BEE280447BB009A70BA /* UIFont+Font.swift */,
				D8D5C6F827FEF7CA003372BC /* UITextField+UnderLine.swift */,
				D89A1C6C27FC8EED0041FA58 /* UIColor+DoGit.swift */,
			);
			path = Custom;
			sourceTree = "<group>";
		};
		D8E6E908280ECC960058AD15 /* BottomSheetViewController */ = {
			isa = PBXGroup;
			children = (
				D8E6E909280ECCAB0058AD15 /* BottomSheetViewController.swift */,
				D84F2A1C28113AFA0061950E /* BottomSheetViewController+UI.swift */,
				D84F2A2228113BEE0061950E /* BottomSheetViewController+Actions.swift */,
				D8E6E90B280EF6770058AD15 /* WriteTodoViewController.swift */,
				D84F2A1E28113B090061950E /* WriteTodoViewController+UI.swift */,
				D84F2A2028113B190061950E /* WriteTodoViewController+Actions.swift */,
			);
			path = BottomSheetViewController;
			sourceTree = "<group>";
		};
		DF17AC7304DB09393DBDAD87 /* Frameworks */ = {
			isa = PBXGroup;
			children = (
				11783B7403D9D41963DC47E4 /* Pods_DoGit.framework */,
				9C63A0AD8017F7DD82AE676C /* Pods_DoGit_DoGitUITests.framework */,
				88234AC7A5A3D442985C1208 /* Pods_DoGitTests.framework */,
			);
			name = Frameworks;
			sourceTree = "<group>";
		};
/* End PBXGroup section */

/* Begin PBXNativeTarget section */
		D8AFFC5C27FC882E000E6F9F /* DoGit */ = {
			isa = PBXNativeTarget;
			buildConfigurationList = D8AFFC8727FC882F000E6F9F /* Build configuration list for PBXNativeTarget "DoGit" */;
			buildPhases = (
				DC51C12F769CC5EB8B67192A /* [CP] Check Pods Manifest.lock */,
				D8AFFC5927FC882E000E6F9F /* Sources */,
				D8AFFC5A27FC882E000E6F9F /* Frameworks */,
				D8AFFC5B27FC882E000E6F9F /* Resources */,
				E0D5A5F0B81ECA32AD9D9A3C /* [CP] Embed Pods Frameworks */,
			);
			buildRules = (
			);
			dependencies = (
			);
			name = DoGit;
			productName = DoGit;
			productReference = D8AFFC5D27FC882E000E6F9F /* DoGit.app */;
			productType = "com.apple.product-type.application";
		};
		D8AFFC7227FC882F000E6F9F /* DoGitTests */ = {
			isa = PBXNativeTarget;
			buildConfigurationList = D8AFFC8A27FC882F000E6F9F /* Build configuration list for PBXNativeTarget "DoGitTests" */;
			buildPhases = (
				F6AF91AB984EE503B8D2F2E1 /* [CP] Check Pods Manifest.lock */,
				D8AFFC6F27FC882F000E6F9F /* Sources */,
				D8AFFC7027FC882F000E6F9F /* Frameworks */,
				D8AFFC7127FC882F000E6F9F /* Resources */,
			);
			buildRules = (
			);
			dependencies = (
				D8AFFC7527FC882F000E6F9F /* PBXTargetDependency */,
			);
			name = DoGitTests;
			productName = DoGitTests;
			productReference = D8AFFC7327FC882F000E6F9F /* DoGitTests.xctest */;
			productType = "com.apple.product-type.bundle.unit-test";
		};
		D8AFFC7C27FC882F000E6F9F /* DoGitUITests */ = {
			isa = PBXNativeTarget;
			buildConfigurationList = D8AFFC8D27FC882F000E6F9F /* Build configuration list for PBXNativeTarget "DoGitUITests" */;
			buildPhases = (
				42E4A0E05C89E23C4BFEEC14 /* [CP] Check Pods Manifest.lock */,
				D8AFFC7927FC882F000E6F9F /* Sources */,
				D8AFFC7A27FC882F000E6F9F /* Frameworks */,
				D8AFFC7B27FC882F000E6F9F /* Resources */,
				3AE1EBC79D29E0A407ACBD97 /* [CP] Embed Pods Frameworks */,
			);
			buildRules = (
			);
			dependencies = (
				D8AFFC7F27FC882F000E6F9F /* PBXTargetDependency */,
			);
			name = DoGitUITests;
			productName = DoGitUITests;
			productReference = D8AFFC7D27FC882F000E6F9F /* DoGitUITests.xctest */;
			productType = "com.apple.product-type.bundle.ui-testing";
		};
/* End PBXNativeTarget section */

/* Begin PBXProject section */
		D8AFFC5527FC882E000E6F9F /* Project object */ = {
			isa = PBXProject;
			attributes = {
				BuildIndependentTargetsInParallel = 1;
				LastSwiftUpdateCheck = 1330;
				LastUpgradeCheck = 1330;
				TargetAttributes = {
					D8AFFC5C27FC882E000E6F9F = {
						CreatedOnToolsVersion = 13.3;
					};
					D8AFFC7227FC882F000E6F9F = {
						CreatedOnToolsVersion = 13.3;
						TestTargetID = D8AFFC5C27FC882E000E6F9F;
					};
					D8AFFC7C27FC882F000E6F9F = {
						CreatedOnToolsVersion = 13.3;
						TestTargetID = D8AFFC5C27FC882E000E6F9F;
					};
				};
			};
			buildConfigurationList = D8AFFC5827FC882E000E6F9F /* Build configuration list for PBXProject "DoGit" */;
			compatibilityVersion = "Xcode 13.0";
			developmentRegion = en;
			hasScannedForEncodings = 0;
			knownRegions = (
				en,
				Base,
			);
			mainGroup = D8AFFC5427FC882E000E6F9F;
			productRefGroup = D8AFFC5E27FC882E000E6F9F /* Products */;
			projectDirPath = "";
			projectRoot = "";
			targets = (
				D8AFFC5C27FC882E000E6F9F /* DoGit */,
				D8AFFC7227FC882F000E6F9F /* DoGitTests */,
				D8AFFC7C27FC882F000E6F9F /* DoGitUITests */,
			);
		};
/* End PBXProject section */

/* Begin PBXResourcesBuildPhase section */
		D8AFFC5B27FC882E000E6F9F /* Resources */ = {
			isa = PBXResourcesBuildPhase;
			buildActionMask = 2147483647;
			files = (
				D8E5FE1D27FC8A2700F0EDA5 /* .gitignore in Resources */,
				D8B64BED28044699009A70BA /* NEXON Lv1 Gothic Low OTF Light.otf in Resources */,
				D8AFFC6D27FC882F000E6F9F /* LaunchScreen.storyboard in Resources */,
				D8AFFC6A27FC882F000E6F9F /* Assets.xcassets in Resources */,
				D8B64BEB28044699009A70BA /* NEXON Lv1 Gothic Low OTF.otf in Resources */,
				D8B64BEC28044699009A70BA /* NEXON Lv1 Gothic Low OTF Bold.otf in Resources */,
			);
			runOnlyForDeploymentPostprocessing = 0;
		};
		D8AFFC7127FC882F000E6F9F /* Resources */ = {
			isa = PBXResourcesBuildPhase;
			buildActionMask = 2147483647;
			files = (
			);
			runOnlyForDeploymentPostprocessing = 0;
		};
		D8AFFC7B27FC882F000E6F9F /* Resources */ = {
			isa = PBXResourcesBuildPhase;
			buildActionMask = 2147483647;
			files = (
			);
			runOnlyForDeploymentPostprocessing = 0;
		};
/* End PBXResourcesBuildPhase section */

/* Begin PBXShellScriptBuildPhase section */
		3AE1EBC79D29E0A407ACBD97 /* [CP] Embed Pods Frameworks */ = {
			isa = PBXShellScriptBuildPhase;
			buildActionMask = 2147483647;
			files = (
			);
			inputFileListPaths = (
				"${PODS_ROOT}/Target Support Files/Pods-DoGit-DoGitUITests/Pods-DoGit-DoGitUITests-frameworks-${CONFIGURATION}-input-files.xcfilelist",
			);
			name = "[CP] Embed Pods Frameworks";
			outputFileListPaths = (
				"${PODS_ROOT}/Target Support Files/Pods-DoGit-DoGitUITests/Pods-DoGit-DoGitUITests-frameworks-${CONFIGURATION}-output-files.xcfilelist",
			);
			runOnlyForDeploymentPostprocessing = 0;
			shellPath = /bin/sh;
			shellScript = "\"${PODS_ROOT}/Target Support Files/Pods-DoGit-DoGitUITests/Pods-DoGit-DoGitUITests-frameworks.sh\"\n";
			showEnvVarsInLog = 0;
		};
		42E4A0E05C89E23C4BFEEC14 /* [CP] Check Pods Manifest.lock */ = {
			isa = PBXShellScriptBuildPhase;
			buildActionMask = 2147483647;
			files = (
			);
			inputFileListPaths = (
			);
			inputPaths = (
				"${PODS_PODFILE_DIR_PATH}/Podfile.lock",
				"${PODS_ROOT}/Manifest.lock",
			);
			name = "[CP] Check Pods Manifest.lock";
			outputFileListPaths = (
			);
			outputPaths = (
				"$(DERIVED_FILE_DIR)/Pods-DoGit-DoGitUITests-checkManifestLockResult.txt",
			);
			runOnlyForDeploymentPostprocessing = 0;
			shellPath = /bin/sh;
			shellScript = "diff \"${PODS_PODFILE_DIR_PATH}/Podfile.lock\" \"${PODS_ROOT}/Manifest.lock\" > /dev/null\nif [ $? != 0 ] ; then\n    # print error to STDERR\n    echo \"error: The sandbox is not in sync with the Podfile.lock. Run 'pod install' or update your CocoaPods installation.\" >&2\n    exit 1\nfi\n# This output is used by Xcode 'outputs' to avoid re-running this script phase.\necho \"SUCCESS\" > \"${SCRIPT_OUTPUT_FILE_0}\"\n";
			showEnvVarsInLog = 0;
		};
		DC51C12F769CC5EB8B67192A /* [CP] Check Pods Manifest.lock */ = {
			isa = PBXShellScriptBuildPhase;
			buildActionMask = 2147483647;
			files = (
			);
			inputFileListPaths = (
			);
			inputPaths = (
				"${PODS_PODFILE_DIR_PATH}/Podfile.lock",
				"${PODS_ROOT}/Manifest.lock",
			);
			name = "[CP] Check Pods Manifest.lock";
			outputFileListPaths = (
			);
			outputPaths = (
				"$(DERIVED_FILE_DIR)/Pods-DoGit-checkManifestLockResult.txt",
			);
			runOnlyForDeploymentPostprocessing = 0;
			shellPath = /bin/sh;
			shellScript = "diff \"${PODS_PODFILE_DIR_PATH}/Podfile.lock\" \"${PODS_ROOT}/Manifest.lock\" > /dev/null\nif [ $? != 0 ] ; then\n    # print error to STDERR\n    echo \"error: The sandbox is not in sync with the Podfile.lock. Run 'pod install' or update your CocoaPods installation.\" >&2\n    exit 1\nfi\n# This output is used by Xcode 'outputs' to avoid re-running this script phase.\necho \"SUCCESS\" > \"${SCRIPT_OUTPUT_FILE_0}\"\n";
			showEnvVarsInLog = 0;
		};
		E0D5A5F0B81ECA32AD9D9A3C /* [CP] Embed Pods Frameworks */ = {
			isa = PBXShellScriptBuildPhase;
			buildActionMask = 2147483647;
			files = (
			);
			inputFileListPaths = (
				"${PODS_ROOT}/Target Support Files/Pods-DoGit/Pods-DoGit-frameworks-${CONFIGURATION}-input-files.xcfilelist",
			);
			name = "[CP] Embed Pods Frameworks";
			outputFileListPaths = (
				"${PODS_ROOT}/Target Support Files/Pods-DoGit/Pods-DoGit-frameworks-${CONFIGURATION}-output-files.xcfilelist",
			);
			runOnlyForDeploymentPostprocessing = 0;
			shellPath = /bin/sh;
			shellScript = "\"${PODS_ROOT}/Target Support Files/Pods-DoGit/Pods-DoGit-frameworks.sh\"\n";
			showEnvVarsInLog = 0;
		};
		F6AF91AB984EE503B8D2F2E1 /* [CP] Check Pods Manifest.lock */ = {
			isa = PBXShellScriptBuildPhase;
			buildActionMask = 2147483647;
			files = (
			);
			inputFileListPaths = (
			);
			inputPaths = (
				"${PODS_PODFILE_DIR_PATH}/Podfile.lock",
				"${PODS_ROOT}/Manifest.lock",
			);
			name = "[CP] Check Pods Manifest.lock";
			outputFileListPaths = (
			);
			outputPaths = (
				"$(DERIVED_FILE_DIR)/Pods-DoGitTests-checkManifestLockResult.txt",
			);
			runOnlyForDeploymentPostprocessing = 0;
			shellPath = /bin/sh;
			shellScript = "diff \"${PODS_PODFILE_DIR_PATH}/Podfile.lock\" \"${PODS_ROOT}/Manifest.lock\" > /dev/null\nif [ $? != 0 ] ; then\n    # print error to STDERR\n    echo \"error: The sandbox is not in sync with the Podfile.lock. Run 'pod install' or update your CocoaPods installation.\" >&2\n    exit 1\nfi\n# This output is used by Xcode 'outputs' to avoid re-running this script phase.\necho \"SUCCESS\" > \"${SCRIPT_OUTPUT_FILE_0}\"\n";
			showEnvVarsInLog = 0;
		};
/* End PBXShellScriptBuildPhase section */

/* Begin PBXSourcesBuildPhase section */
		D8AFFC5927FC882E000E6F9F /* Sources */ = {
			isa = PBXSourcesBuildPhase;
			buildActionMask = 2147483647;
			files = (
				D80BD8472801B61500DD6780 /* MainTodoViewController+DataSource.swift in Sources */,
				D8971BF5280044D000568ED0 /* GithubUserData.swift in Sources */,
				D8E6E90C280EF6770058AD15 /* WriteTodoViewController.swift in Sources */,
				D8792AB928094E6500D35EF2 /* MainTodoViewController+Actions.swift in Sources */,
				D8792AB728094E0100D35EF2 /* TodoDoneButton.swift in Sources */,
				D84F2A2128113B190061950E /* WriteTodoViewController+Actions.swift in Sources */,
				D80D3590280AD3D9003062B5 /* AddRepositoryViewController+Actions.swift in Sources */,
				D80D358A280AA120003062B5 /* AddRepositoryViewController.swift in Sources */,
				D8E6E90A280ECCAB0058AD15 /* BottomSheetViewController.swift in Sources */,
				D84F2A1F28113B090061950E /* WriteTodoViewController+UI.swift in Sources */,
				D84F2A1D28113AFA0061950E /* BottomSheetViewController+UI.swift in Sources */,
				D80D358E280AA935003062B5 /* AddRepositoryViewController+DataSource.swift in Sources */,
				D84F2A252812839D0061950E /* GithubRepository.swift in Sources */,
				D8AFFC6527FC882E000E6F9F /* MainTodoViewController.swift in Sources */,
				D80D3592280AE0F9003062B5 /* RepositoryCheckButton.swift in Sources */,
				D8B64BF228044DD0009A70BA /* UIButton+SetImage.swift in Sources */,
				D8D5C6F927FEF7CA003372BC /* UITextField+UnderLine.swift in Sources */,
				D8D5C6FB27FF0268003372BC /* SetNameViewController+UI.swift in Sources */,
				D82DC69928085C6800C5ABCB /* TodoHeader.swift in Sources */,
				D89A1C7327FC96B50041FA58 /* Todo.swift in Sources */,
				D8D5C6F727FECC52003372BC /* SetNameViewController.swift in Sources */,
				D89A1C6D27FC8EED0041FA58 /* UIColor+DoGit.swift in Sources */,
				D80D3583280A7434003062B5 /* GithubRepositoryData.swift in Sources */,
				D8AFFC6127FC882E000E6F9F /* AppDelegate.swift in Sources */,
				D8971BF028001D0900568ED0 /* DoGitError.swift in Sources */,
				D8AFFC6327FC882E000E6F9F /* SceneDelegate.swift in Sources */,
				D89A1C6F27FC92A10041FA58 /* Repository.swift in Sources */,
				D80D358C280AA483003062B5 /* AddRepositoryViewController+UI.swift in Sources */,
				D84F2A2328113BEE0061950E /* BottomSheetViewController+Actions.swift in Sources */,
				D87F98C728097E89008BCE25 /* GithubDataManager.swift in Sources */,
				D8B64BEF280447BB009A70BA /* UIFont+Font.swift in Sources */,
				D80BD8452801B22400DD6780 /* MainTodoViewController+UI.swift in Sources */,
				D8971BF22800266A00568ED0 /* SetNameViewController+Actions.swift in Sources */,
				D89A1C7527FC97320041FA58 /* User.swift in Sources */,
				D84F2A272812B3540061950E /* AddRepositoryViewController+Realm.swift in Sources */,
				D8792ABB28095A8D00D35EF2 /* TodoRepositoryStore.swift in Sources */,
			);
			runOnlyForDeploymentPostprocessing = 0;
		};
		D8AFFC6F27FC882F000E6F9F /* Sources */ = {
			isa = PBXSourcesBuildPhase;
			buildActionMask = 2147483647;
			files = (
				D80BD83D28018C3600DD6780 /* UserDataManagerTests.swift in Sources */,
				D8AFFC7827FC882F000E6F9F /* DoGitTests.swift in Sources */,
			);
			runOnlyForDeploymentPostprocessing = 0;
		};
		D8AFFC7927FC882F000E6F9F /* Sources */ = {
			isa = PBXSourcesBuildPhase;
			buildActionMask = 2147483647;
			files = (
				D8D894F92806C6C50045F68E /* SetNameViewControllerUITests.swift in Sources */,
				D8AFFC8427FC882F000E6F9F /* DoGitUITestsLaunchTests.swift in Sources */,
				D8AFFC8227FC882F000E6F9F /* DoGitUITests.swift in Sources */,
			);
			runOnlyForDeploymentPostprocessing = 0;
		};
/* End PBXSourcesBuildPhase section */

/* Begin PBXTargetDependency section */
		D8AFFC7527FC882F000E6F9F /* PBXTargetDependency */ = {
			isa = PBXTargetDependency;
			target = D8AFFC5C27FC882E000E6F9F /* DoGit */;
			targetProxy = D8AFFC7427FC882F000E6F9F /* PBXContainerItemProxy */;
		};
		D8AFFC7F27FC882F000E6F9F /* PBXTargetDependency */ = {
			isa = PBXTargetDependency;
			target = D8AFFC5C27FC882E000E6F9F /* DoGit */;
			targetProxy = D8AFFC7E27FC882F000E6F9F /* PBXContainerItemProxy */;
		};
/* End PBXTargetDependency section */

/* Begin PBXVariantGroup section */
		D8AFFC6B27FC882F000E6F9F /* LaunchScreen.storyboard */ = {
			isa = PBXVariantGroup;
			children = (
				D8AFFC6C27FC882F000E6F9F /* Base */,
			);
			name = LaunchScreen.storyboard;
			sourceTree = "<group>";
		};
/* End PBXVariantGroup section */

/* Begin XCBuildConfiguration section */
		D8AFFC8527FC882F000E6F9F /* Debug */ = {
			isa = XCBuildConfiguration;
			buildSettings = {
				ALWAYS_SEARCH_USER_PATHS = NO;
				CLANG_ANALYZER_NONNULL = YES;
				CLANG_ANALYZER_NUMBER_OBJECT_CONVERSION = YES_AGGRESSIVE;
				CLANG_CXX_LANGUAGE_STANDARD = "gnu++17";
				CLANG_ENABLE_MODULES = YES;
				CLANG_ENABLE_OBJC_ARC = YES;
				CLANG_ENABLE_OBJC_WEAK = YES;
				CLANG_WARN_BLOCK_CAPTURE_AUTORELEASING = YES;
				CLANG_WARN_BOOL_CONVERSION = YES;
				CLANG_WARN_COMMA = YES;
				CLANG_WARN_CONSTANT_CONVERSION = YES;
				CLANG_WARN_DEPRECATED_OBJC_IMPLEMENTATIONS = YES;
				CLANG_WARN_DIRECT_OBJC_ISA_USAGE = YES_ERROR;
				CLANG_WARN_DOCUMENTATION_COMMENTS = YES;
				CLANG_WARN_EMPTY_BODY = YES;
				CLANG_WARN_ENUM_CONVERSION = YES;
				CLANG_WARN_INFINITE_RECURSION = YES;
				CLANG_WARN_INT_CONVERSION = YES;
				CLANG_WARN_NON_LITERAL_NULL_CONVERSION = YES;
				CLANG_WARN_OBJC_IMPLICIT_RETAIN_SELF = YES;
				CLANG_WARN_OBJC_LITERAL_CONVERSION = YES;
				CLANG_WARN_OBJC_ROOT_CLASS = YES_ERROR;
				CLANG_WARN_QUOTED_INCLUDE_IN_FRAMEWORK_HEADER = YES;
				CLANG_WARN_RANGE_LOOP_ANALYSIS = YES;
				CLANG_WARN_STRICT_PROTOTYPES = YES;
				CLANG_WARN_SUSPICIOUS_MOVE = YES;
				CLANG_WARN_UNGUARDED_AVAILABILITY = YES_AGGRESSIVE;
				CLANG_WARN_UNREACHABLE_CODE = YES;
				CLANG_WARN__DUPLICATE_METHOD_MATCH = YES;
				COPY_PHASE_STRIP = NO;
				DEBUG_INFORMATION_FORMAT = dwarf;
				ENABLE_STRICT_OBJC_MSGSEND = YES;
				ENABLE_TESTABILITY = YES;
				GCC_C_LANGUAGE_STANDARD = gnu11;
				GCC_DYNAMIC_NO_PIC = NO;
				GCC_NO_COMMON_BLOCKS = YES;
				GCC_OPTIMIZATION_LEVEL = 0;
				GCC_PREPROCESSOR_DEFINITIONS = (
					"DEBUG=1",
					"$(inherited)",
				);
				GCC_WARN_64_TO_32_BIT_CONVERSION = YES;
				GCC_WARN_ABOUT_RETURN_TYPE = YES_ERROR;
				GCC_WARN_UNDECLARED_SELECTOR = YES;
				GCC_WARN_UNINITIALIZED_AUTOS = YES_AGGRESSIVE;
				GCC_WARN_UNUSED_FUNCTION = YES;
				GCC_WARN_UNUSED_VARIABLE = YES;
				IPHONEOS_DEPLOYMENT_TARGET = 15.4;
				MTL_ENABLE_DEBUG_INFO = INCLUDE_SOURCE;
				MTL_FAST_MATH = YES;
				ONLY_ACTIVE_ARCH = YES;
				SDKROOT = iphoneos;
				SWIFT_ACTIVE_COMPILATION_CONDITIONS = DEBUG;
				SWIFT_OPTIMIZATION_LEVEL = "-Onone";
			};
			name = Debug;
		};
		D8AFFC8627FC882F000E6F9F /* Release */ = {
			isa = XCBuildConfiguration;
			buildSettings = {
				ALWAYS_SEARCH_USER_PATHS = NO;
				CLANG_ANALYZER_NONNULL = YES;
				CLANG_ANALYZER_NUMBER_OBJECT_CONVERSION = YES_AGGRESSIVE;
				CLANG_CXX_LANGUAGE_STANDARD = "gnu++17";
				CLANG_ENABLE_MODULES = YES;
				CLANG_ENABLE_OBJC_ARC = YES;
				CLANG_ENABLE_OBJC_WEAK = YES;
				CLANG_WARN_BLOCK_CAPTURE_AUTORELEASING = YES;
				CLANG_WARN_BOOL_CONVERSION = YES;
				CLANG_WARN_COMMA = YES;
				CLANG_WARN_CONSTANT_CONVERSION = YES;
				CLANG_WARN_DEPRECATED_OBJC_IMPLEMENTATIONS = YES;
				CLANG_WARN_DIRECT_OBJC_ISA_USAGE = YES_ERROR;
				CLANG_WARN_DOCUMENTATION_COMMENTS = YES;
				CLANG_WARN_EMPTY_BODY = YES;
				CLANG_WARN_ENUM_CONVERSION = YES;
				CLANG_WARN_INFINITE_RECURSION = YES;
				CLANG_WARN_INT_CONVERSION = YES;
				CLANG_WARN_NON_LITERAL_NULL_CONVERSION = YES;
				CLANG_WARN_OBJC_IMPLICIT_RETAIN_SELF = YES;
				CLANG_WARN_OBJC_LITERAL_CONVERSION = YES;
				CLANG_WARN_OBJC_ROOT_CLASS = YES_ERROR;
				CLANG_WARN_QUOTED_INCLUDE_IN_FRAMEWORK_HEADER = YES;
				CLANG_WARN_RANGE_LOOP_ANALYSIS = YES;
				CLANG_WARN_STRICT_PROTOTYPES = YES;
				CLANG_WARN_SUSPICIOUS_MOVE = YES;
				CLANG_WARN_UNGUARDED_AVAILABILITY = YES_AGGRESSIVE;
				CLANG_WARN_UNREACHABLE_CODE = YES;
				CLANG_WARN__DUPLICATE_METHOD_MATCH = YES;
				COPY_PHASE_STRIP = NO;
				DEBUG_INFORMATION_FORMAT = "dwarf-with-dsym";
				ENABLE_NS_ASSERTIONS = NO;
				ENABLE_STRICT_OBJC_MSGSEND = YES;
				GCC_C_LANGUAGE_STANDARD = gnu11;
				GCC_NO_COMMON_BLOCKS = YES;
				GCC_WARN_64_TO_32_BIT_CONVERSION = YES;
				GCC_WARN_ABOUT_RETURN_TYPE = YES_ERROR;
				GCC_WARN_UNDECLARED_SELECTOR = YES;
				GCC_WARN_UNINITIALIZED_AUTOS = YES_AGGRESSIVE;
				GCC_WARN_UNUSED_FUNCTION = YES;
				GCC_WARN_UNUSED_VARIABLE = YES;
				IPHONEOS_DEPLOYMENT_TARGET = 15.4;
				MTL_ENABLE_DEBUG_INFO = NO;
				MTL_FAST_MATH = YES;
				SDKROOT = iphoneos;
				SWIFT_COMPILATION_MODE = wholemodule;
				SWIFT_OPTIMIZATION_LEVEL = "-O";
				VALIDATE_PRODUCT = YES;
			};
			name = Release;
		};
		D8AFFC8827FC882F000E6F9F /* Debug */ = {
			isa = XCBuildConfiguration;
			baseConfigurationReference = C8D62AB8D874795468A7FFD8 /* Pods-DoGit.debug.xcconfig */;
			buildSettings = {
				ASSETCATALOG_COMPILER_APPICON_NAME = AppIcon;
				ASSETCATALOG_COMPILER_GLOBAL_ACCENT_COLOR_NAME = AccentColor;
				CODE_SIGN_STYLE = Automatic;
				CURRENT_PROJECT_VERSION = 1;
				DEVELOPMENT_TEAM = SLD3XB8ML6;
				GENERATE_INFOPLIST_FILE = YES;
				INFOPLIST_FILE = DoGit/Info.plist;
				INFOPLIST_KEY_UIApplicationSupportsIndirectInputEvents = YES;
				INFOPLIST_KEY_UILaunchStoryboardName = LaunchScreen;
				INFOPLIST_KEY_UISupportedInterfaceOrientations_iPad = "UIInterfaceOrientationPortrait UIInterfaceOrientationPortraitUpsideDown UIInterfaceOrientationLandscapeLeft UIInterfaceOrientationLandscapeRight";
				INFOPLIST_KEY_UISupportedInterfaceOrientations_iPhone = "UIInterfaceOrientationPortrait UIInterfaceOrientationLandscapeLeft UIInterfaceOrientationLandscapeRight";
				IPHONEOS_DEPLOYMENT_TARGET = 15.0;
				LD_RUNPATH_SEARCH_PATHS = (
					"$(inherited)",
					"@executable_path/Frameworks",
				);
				MARKETING_VERSION = 1.0;
				PRODUCT_BUNDLE_IDENTIFIER = neuli.DoGit;
				PRODUCT_NAME = "$(TARGET_NAME)";
				SWIFT_EMIT_LOC_STRINGS = YES;
				SWIFT_VERSION = 5.0;
				TARGETED_DEVICE_FAMILY = 1;
			};
			name = Debug;
		};
		D8AFFC8927FC882F000E6F9F /* Release */ = {
			isa = XCBuildConfiguration;
			baseConfigurationReference = CA64F7C78AF0CB174E5DD30C /* Pods-DoGit.release.xcconfig */;
			buildSettings = {
				ASSETCATALOG_COMPILER_APPICON_NAME = AppIcon;
				ASSETCATALOG_COMPILER_GLOBAL_ACCENT_COLOR_NAME = AccentColor;
				CODE_SIGN_STYLE = Automatic;
				CURRENT_PROJECT_VERSION = 1;
				DEVELOPMENT_TEAM = SLD3XB8ML6;
				GENERATE_INFOPLIST_FILE = YES;
				INFOPLIST_FILE = DoGit/Info.plist;
				INFOPLIST_KEY_UIApplicationSupportsIndirectInputEvents = YES;
				INFOPLIST_KEY_UILaunchStoryboardName = LaunchScreen;
				INFOPLIST_KEY_UISupportedInterfaceOrientations_iPad = "UIInterfaceOrientationPortrait UIInterfaceOrientationPortraitUpsideDown UIInterfaceOrientationLandscapeLeft UIInterfaceOrientationLandscapeRight";
				INFOPLIST_KEY_UISupportedInterfaceOrientations_iPhone = "UIInterfaceOrientationPortrait UIInterfaceOrientationLandscapeLeft UIInterfaceOrientationLandscapeRight";
				IPHONEOS_DEPLOYMENT_TARGET = 15.0;
				LD_RUNPATH_SEARCH_PATHS = (
					"$(inherited)",
					"@executable_path/Frameworks",
				);
				MARKETING_VERSION = 1.0;
				PRODUCT_BUNDLE_IDENTIFIER = neuli.DoGit;
				PRODUCT_NAME = "$(TARGET_NAME)";
				SWIFT_EMIT_LOC_STRINGS = YES;
				SWIFT_VERSION = 5.0;
				TARGETED_DEVICE_FAMILY = 1;
			};
			name = Release;
		};
		D8AFFC8B27FC882F000E6F9F /* Debug */ = {
			isa = XCBuildConfiguration;
			baseConfigurationReference = F6FD0F0E79104D69A8E3F563 /* Pods-DoGitTests.debug.xcconfig */;
			buildSettings = {
				ALWAYS_EMBED_SWIFT_STANDARD_LIBRARIES = YES;
				BUNDLE_LOADER = "$(TEST_HOST)";
				CODE_SIGN_STYLE = Automatic;
				CURRENT_PROJECT_VERSION = 1;
				DEVELOPMENT_TEAM = SLD3XB8ML6;
				GENERATE_INFOPLIST_FILE = YES;
				IPHONEOS_DEPLOYMENT_TARGET = 15.4;
				MARKETING_VERSION = 1.0;
				PRODUCT_BUNDLE_IDENTIFIER = neuli.DoGitTests;
				PRODUCT_NAME = "$(TARGET_NAME)";
				SWIFT_EMIT_LOC_STRINGS = NO;
				SWIFT_VERSION = 5.0;
				TARGETED_DEVICE_FAMILY = "1,2";
				TEST_HOST = "$(BUILT_PRODUCTS_DIR)/DoGit.app/DoGit";
			};
			name = Debug;
		};
		D8AFFC8C27FC882F000E6F9F /* Release */ = {
			isa = XCBuildConfiguration;
			baseConfigurationReference = B964C28EFBC0E14FB8C023E4 /* Pods-DoGitTests.release.xcconfig */;
			buildSettings = {
				ALWAYS_EMBED_SWIFT_STANDARD_LIBRARIES = YES;
				BUNDLE_LOADER = "$(TEST_HOST)";
				CODE_SIGN_STYLE = Automatic;
				CURRENT_PROJECT_VERSION = 1;
				DEVELOPMENT_TEAM = SLD3XB8ML6;
				GENERATE_INFOPLIST_FILE = YES;
				IPHONEOS_DEPLOYMENT_TARGET = 15.4;
				MARKETING_VERSION = 1.0;
				PRODUCT_BUNDLE_IDENTIFIER = neuli.DoGitTests;
				PRODUCT_NAME = "$(TARGET_NAME)";
				SWIFT_EMIT_LOC_STRINGS = NO;
				SWIFT_VERSION = 5.0;
				TARGETED_DEVICE_FAMILY = "1,2";
				TEST_HOST = "$(BUILT_PRODUCTS_DIR)/DoGit.app/DoGit";
			};
			name = Release;
		};
		D8AFFC8E27FC882F000E6F9F /* Debug */ = {
			isa = XCBuildConfiguration;
			baseConfigurationReference = 17F54AD33ACA164CA1B295A7 /* Pods-DoGit-DoGitUITests.debug.xcconfig */;
			buildSettings = {
				ALWAYS_EMBED_SWIFT_STANDARD_LIBRARIES = YES;
				CODE_SIGN_STYLE = Automatic;
				CURRENT_PROJECT_VERSION = 1;
				DEVELOPMENT_TEAM = SLD3XB8ML6;
				GENERATE_INFOPLIST_FILE = YES;
				MARKETING_VERSION = 1.0;
				PRODUCT_BUNDLE_IDENTIFIER = neuli.DoGitUITests;
				PRODUCT_NAME = "$(TARGET_NAME)";
				SWIFT_EMIT_LOC_STRINGS = NO;
				SWIFT_VERSION = 5.0;
				TARGETED_DEVICE_FAMILY = "1,2";
				TEST_TARGET_NAME = DoGit;
			};
			name = Debug;
		};
		D8AFFC8F27FC882F000E6F9F /* Release */ = {
			isa = XCBuildConfiguration;
			baseConfigurationReference = F7CA2D7E2A6D65A0C694812A /* Pods-DoGit-DoGitUITests.release.xcconfig */;
			buildSettings = {
				ALWAYS_EMBED_SWIFT_STANDARD_LIBRARIES = YES;
				CODE_SIGN_STYLE = Automatic;
				CURRENT_PROJECT_VERSION = 1;
				DEVELOPMENT_TEAM = SLD3XB8ML6;
				GENERATE_INFOPLIST_FILE = YES;
				MARKETING_VERSION = 1.0;
				PRODUCT_BUNDLE_IDENTIFIER = neuli.DoGitUITests;
				PRODUCT_NAME = "$(TARGET_NAME)";
				SWIFT_EMIT_LOC_STRINGS = NO;
				SWIFT_VERSION = 5.0;
				TARGETED_DEVICE_FAMILY = "1,2";
				TEST_TARGET_NAME = DoGit;
			};
			name = Release;
		};
/* End XCBuildConfiguration section */

/* Begin XCConfigurationList section */
		D8AFFC5827FC882E000E6F9F /* Build configuration list for PBXProject "DoGit" */ = {
			isa = XCConfigurationList;
			buildConfigurations = (
				D8AFFC8527FC882F000E6F9F /* Debug */,
				D8AFFC8627FC882F000E6F9F /* Release */,
			);
			defaultConfigurationIsVisible = 0;
			defaultConfigurationName = Release;
		};
		D8AFFC8727FC882F000E6F9F /* Build configuration list for PBXNativeTarget "DoGit" */ = {
			isa = XCConfigurationList;
			buildConfigurations = (
				D8AFFC8827FC882F000E6F9F /* Debug */,
				D8AFFC8927FC882F000E6F9F /* Release */,
			);
			defaultConfigurationIsVisible = 0;
			defaultConfigurationName = Release;
		};
		D8AFFC8A27FC882F000E6F9F /* Build configuration list for PBXNativeTarget "DoGitTests" */ = {
			isa = XCConfigurationList;
			buildConfigurations = (
				D8AFFC8B27FC882F000E6F9F /* Debug */,
				D8AFFC8C27FC882F000E6F9F /* Release */,
			);
			defaultConfigurationIsVisible = 0;
			defaultConfigurationName = Release;
		};
		D8AFFC8D27FC882F000E6F9F /* Build configuration list for PBXNativeTarget "DoGitUITests" */ = {
			isa = XCConfigurationList;
			buildConfigurations = (
				D8AFFC8E27FC882F000E6F9F /* Debug */,
				D8AFFC8F27FC882F000E6F9F /* Release */,
			);
			defaultConfigurationIsVisible = 0;
			defaultConfigurationName = Release;
		};
/* End XCConfigurationList section */
	};
	rootObject = D8AFFC5527FC882E000E6F9F /* Project object */;
}
